// !$*UTF8*$!
{
	archiveVersion = 1;
	classes = {
	};
	objectVersion = 70;
	objects = {

/* Begin PBXContainerItemProxy section */
		0015583C2C076F7E000691EE /* PBXContainerItemProxy */ = {
			isa = PBXContainerItemProxy;
			containerPortal = 00D40E6C2BBA403200B755CE /* Project object */;
			proxyType = 1;
			remoteGlobalIDString = 00D40E732BBA403200B755CE;
			remoteInfo = GPXWorkshop;
		};
/* End PBXContainerItemProxy section */

/* Begin PBXFileReference section */
		001558382C076F7E000691EE /* GPXWorkshopTests.xctest */ = {isa = PBXFileReference; explicitFileType = wrapper.cfbundle; includeInIndex = 0; path = GPXWorkshopTests.xctest; sourceTree = BUILT_PRODUCTS_DIR; };
		00D40E742BBA403200B755CE /* GPXWorkshop.app */ = {isa = PBXFileReference; explicitFileType = wrapper.application; includeInIndex = 0; path = GPXWorkshop.app; sourceTree = BUILT_PRODUCTS_DIR; };
		00D40EAF2BBA4A9700B755CE /* LICENSE */ = {isa = PBXFileReference; fileEncoding = 4; lastKnownFileType = text; path = LICENSE; sourceTree = "<group>"; };
		00D40EB02BBA4A9700B755CE /* README.md */ = {isa = PBXFileReference; fileEncoding = 4; lastKnownFileType = net.daringfireball.markdown; path = README.md; sourceTree = "<group>"; };
/* End PBXFileReference section */

/* Begin PBXFileSystemSynchronizedBuildFileExceptionSet section */
		00E2E4062CBE4018006ADC0D /* PBXFileSystemSynchronizedBuildFileExceptionSet */ = {
			isa = PBXFileSystemSynchronizedBuildFileExceptionSet;
			membershipExceptions = (
				GPX/Fixtures/GPXSampleBad.swift,
				GPX/Fixtures/GPXSampleManual.swift,
				GPX/Fixtures/GPXSamplePlotaRoute.swift,
				GPX/Fixtures/GPXSampleStrava.swift,
			);
			target = 00D40E732BBA403200B755CE /* GPXWorkshop */;
		};
		00E2E4072CBE4018006ADC0D /* PBXFileSystemSynchronizedBuildFileExceptionSet */ = {
			isa = PBXFileSystemSynchronizedBuildFileExceptionSet;
			membershipExceptions = (
				Support/File/Fixtures/dummy1.txt,
				Support/File/Fixtures/dummy2.txt,
				Support/File/Fixtures/Sub1/dummy3.txt,
				Support/File/Fixtures/Sub1/dummy4.txt,
			);
			target = 001558372C076F7E000691EE /* GPXWorkshopTests */;
		};
		00E2E4602CBE4028006ADC0D /* PBXFileSystemSynchronizedBuildFileExceptionSet */ = {
			isa = PBXFileSystemSynchronizedBuildFileExceptionSet;
			membershipExceptions = (
				"00-App/SwiftUI/App.swift",
				Browser/SwiftUI/GPXEditMapView.swift,
				Browser/SwiftUI/GPXEditMKMapViewRepresentable.swift,
				Browser/SwiftUI/GPXEditView.swift,
				Browser/SwiftUI/WorkplaceDocument.swift,
				Info.plist,
			);
			target = 00D40E732BBA403200B755CE /* GPXWorkshop */;
		};
		00E2E4612CBE4028006ADC0D /* PBXFileSystemSynchronizedBuildFileExceptionSet */ = {
			isa = PBXFileSystemSynchronizedBuildFileExceptionSet;
			membershipExceptions = (
				GPX/GPX.swift,
				GPX/GPXExporter.swift,
				GPX/GPXParser.swift,
				Support/Combine/Always.swift,
				Support/Combine/Publisher.swift,
				Support/File/FileEnumerator.swift,
				Support/XML/XML.swift,
			);
			target = 001558372C076F7E000691EE /* GPXWorkshopTests */;
		};
/* End PBXFileSystemSynchronizedBuildFileExceptionSet section */

/* Begin PBXFileSystemSynchronizedRootGroup section */
		00E2E35E2CBE3F3D006ADC0D /* Doc */ = {isa = PBXFileSystemSynchronizedRootGroup; explicitFileTypes = {}; explicitFolders = (); path = Doc; sourceTree = "<group>"; };
		00E2E3EC2CBE4018006ADC0D /* GPXWorkshopTests */ = {isa = PBXFileSystemSynchronizedRootGroup; exceptions = (00E2E4062CBE4018006ADC0D /* PBXFileSystemSynchronizedBuildFileExceptionSet */, 00E2E4072CBE4018006ADC0D /* PBXFileSystemSynchronizedBuildFileExceptionSet */, ); explicitFileTypes = {}; explicitFolders = (); path = GPXWorkshopTests; sourceTree = "<group>"; };
		00E2E4382CBE4028006ADC0D /* GPXWorkshop */ = {isa = PBXFileSystemSynchronizedRootGroup; exceptions = (00E2E4602CBE4028006ADC0D /* PBXFileSystemSynchronizedBuildFileExceptionSet */, 00E2E4612CBE4028006ADC0D /* PBXFileSystemSynchronizedBuildFileExceptionSet */, ); explicitFileTypes = {}; explicitFolders = (); path = GPXWorkshop; sourceTree = "<group>"; };
/* End PBXFileSystemSynchronizedRootGroup section */

/* Begin PBXFrameworksBuildPhase section */
		001558352C076F7E000691EE /* Frameworks */ = {
			isa = PBXFrameworksBuildPhase;
			buildActionMask = 2147483647;
			files = (
			);
			runOnlyForDeploymentPostprocessing = 0;
		};
		00D40E712BBA403200B755CE /* Frameworks */ = {
			isa = PBXFrameworksBuildPhase;
			buildActionMask = 2147483647;
			files = (
			);
			runOnlyForDeploymentPostprocessing = 0;
		};
/* End PBXFrameworksBuildPhase section */

/* Begin PBXGroup section */
		00D40E6B2BBA403200B755CE = {
			isa = PBXGroup;
			children = (
				00D40EAF2BBA4A9700B755CE /* LICENSE */,
				00D40EB02BBA4A9700B755CE /* README.md */,
				00E2E35E2CBE3F3D006ADC0D /* Doc */,
				00E2E4382CBE4028006ADC0D /* GPXWorkshop */,
				00E2E3EC2CBE4018006ADC0D /* GPXWorkshopTests */,
				00D40E752BBA403200B755CE /* Products */,
			);
			sourceTree = "<group>";
		};
		00D40E752BBA403200B755CE /* Products */ = {
			isa = PBXGroup;
			children = (
				00D40E742BBA403200B755CE /* GPXWorkshop.app */,
				001558382C076F7E000691EE /* GPXWorkshopTests.xctest */,
			);
			name = Products;
			sourceTree = "<group>";
		};
/* End PBXGroup section */

/* Begin PBXNativeTarget section */
		001558372C076F7E000691EE /* GPXWorkshopTests */ = {
			isa = PBXNativeTarget;
			buildConfigurationList = 0015583E2C076F7E000691EE /* Build configuration list for PBXNativeTarget "GPXWorkshopTests" */;
			buildPhases = (
				001558342C076F7E000691EE /* Sources */,
				001558352C076F7E000691EE /* Frameworks */,
				001558362C076F7E000691EE /* Resources */,
			);
			buildRules = (
			);
			dependencies = (
				0015583D2C076F7E000691EE /* PBXTargetDependency */,
			);
			fileSystemSynchronizedGroups = (
				00E2E3EC2CBE4018006ADC0D /* GPXWorkshopTests */,
			);
			name = GPXWorkshopTests;
			productName = GPXWorkshopTests;
			productReference = 001558382C076F7E000691EE /* GPXWorkshopTests.xctest */;
			productType = "com.apple.product-type.bundle.unit-test";
		};
		00D40E732BBA403200B755CE /* GPXWorkshop */ = {
			isa = PBXNativeTarget;
			buildConfigurationList = 00D40E992BBA403500B755CE /* Build configuration list for PBXNativeTarget "GPXWorkshop" */;
			buildPhases = (
				00D40E702BBA403200B755CE /* Sources */,
				00D40E712BBA403200B755CE /* Frameworks */,
				00D40E722BBA403200B755CE /* Resources */,
			);
			buildRules = (
			);
			dependencies = (
			);
			fileSystemSynchronizedGroups = (
				00E2E4382CBE4028006ADC0D /* GPXWorkshop */,
			);
			name = GPXWorkshop;
			productName = DrypotGPX;
			productReference = 00D40E742BBA403200B755CE /* GPXWorkshop.app */;
			productType = "com.apple.product-type.application";
		};
/* End PBXNativeTarget section */

/* Begin PBXProject section */
		00D40E6C2BBA403200B755CE /* Project object */ = {
			isa = PBXProject;
			attributes = {
				BuildIndependentTargetsInParallel = 1;
				LastSwiftUpdateCheck = 1540;
				LastUpgradeCheck = 1630;
				TargetAttributes = {
					001558372C076F7E000691EE = {
						CreatedOnToolsVersion = 15.4;
						TestTargetID = 00D40E732BBA403200B755CE;
					};
					00D40E732BBA403200B755CE = {
						CreatedOnToolsVersion = 15.2;
					};
				};
			};
			buildConfigurationList = 00D40E6F2BBA403200B755CE /* Build configuration list for PBXProject "GPXWorkshop" */;
			compatibilityVersion = "Xcode 15.3";
			developmentRegion = en;
			hasScannedForEncodings = 0;
			knownRegions = (
				en,
				Base,
			);
			mainGroup = 00D40E6B2BBA403200B755CE;
			productRefGroup = 00D40E752BBA403200B755CE /* Products */;
			projectDirPath = "";
			projectRoot = "";
			targets = (
				00D40E732BBA403200B755CE /* GPXWorkshop */,
				001558372C076F7E000691EE /* GPXWorkshopTests */,
			);
		};
/* End PBXProject section */

/* Begin PBXResourcesBuildPhase section */
		001558362C076F7E000691EE /* Resources */ = {
			isa = PBXResourcesBuildPhase;
			buildActionMask = 2147483647;
			files = (
			);
			runOnlyForDeploymentPostprocessing = 0;
		};
		00D40E722BBA403200B755CE /* Resources */ = {
			isa = PBXResourcesBuildPhase;
			buildActionMask = 2147483647;
			files = (
			);
			runOnlyForDeploymentPostprocessing = 0;
		};
/* End PBXResourcesBuildPhase section */

/* Begin PBXSourcesBuildPhase section */
		001558342C076F7E000691EE /* Sources */ = {
			isa = PBXSourcesBuildPhase;
			buildActionMask = 2147483647;
			files = (
			);
			runOnlyForDeploymentPostprocessing = 0;
		};
		00D40E702BBA403200B755CE /* Sources */ = {
			isa = PBXSourcesBuildPhase;
			buildActionMask = 2147483647;
			files = (
			);
			runOnlyForDeploymentPostprocessing = 0;
		};
/* End PBXSourcesBuildPhase section */

/* Begin PBXTargetDependency section */
		0015583D2C076F7E000691EE /* PBXTargetDependency */ = {
			isa = PBXTargetDependency;
			target = 00D40E732BBA403200B755CE /* GPXWorkshop */;
			targetProxy = 0015583C2C076F7E000691EE /* PBXContainerItemProxy */;
		};
/* End PBXTargetDependency section */

/* Begin XCBuildConfiguration section */
		0015583F2C076F7E000691EE /* Debug */ = {
			isa = XCBuildConfiguration;
			buildSettings = {
				BUNDLE_LOADER = "$(TEST_HOST)";
				CODE_SIGN_STYLE = Automatic;
				CURRENT_PROJECT_VERSION = 1;
				GENERATE_INFOPLIST_FILE = YES;
				MACOSX_DEPLOYMENT_TARGET = 14.5;
				MARKETING_VERSION = 1.0;
				PRODUCT_BUNDLE_IDENTIFIER = com.drypot.GPXWorkshopTests;
				PRODUCT_NAME = "$(TARGET_NAME)";
				SWIFT_EMIT_LOC_STRINGS = NO;
				SWIFT_VERSION = 5.0;
				TEST_HOST = "$(BUILT_PRODUCTS_DIR)/GPXWorkshop.app/$(BUNDLE_EXECUTABLE_FOLDER_PATH)/GPXWorkshop";
			};
			name = Debug;
		};
		001558402C076F7E000691EE /* Release */ = {
			isa = XCBuildConfiguration;
			buildSettings = {
				BUNDLE_LOADER = "$(TEST_HOST)";
				CODE_SIGN_STYLE = Automatic;
				CURRENT_PROJECT_VERSION = 1;
				GENERATE_INFOPLIST_FILE = YES;
				MACOSX_DEPLOYMENT_TARGET = 14.5;
				MARKETING_VERSION = 1.0;
				PRODUCT_BUNDLE_IDENTIFIER = com.drypot.GPXWorkshopTests;
				PRODUCT_NAME = "$(TARGET_NAME)";
				SWIFT_EMIT_LOC_STRINGS = NO;
				SWIFT_VERSION = 5.0;
				TEST_HOST = "$(BUILT_PRODUCTS_DIR)/GPXWorkshop.app/$(BUNDLE_EXECUTABLE_FOLDER_PATH)/GPXWorkshop";
			};
			name = Release;
		};
		00D40E972BBA403500B755CE /* Debug */ = {
			isa = XCBuildConfiguration;
			buildSettings = {
				ALWAYS_SEARCH_USER_PATHS = NO;
				ASSETCATALOG_COMPILER_GENERATE_SWIFT_ASSET_SYMBOL_EXTENSIONS = YES;
				CLANG_ANALYZER_NONNULL = YES;
				CLANG_ANALYZER_NUMBER_OBJECT_CONVERSION = YES_AGGRESSIVE;
				CLANG_CXX_LANGUAGE_STANDARD = "gnu++20";
				CLANG_ENABLE_MODULES = YES;
				CLANG_ENABLE_OBJC_ARC = YES;
				CLANG_ENABLE_OBJC_WEAK = YES;
				CLANG_WARN_BLOCK_CAPTURE_AUTORELEASING = YES;
				CLANG_WARN_BOOL_CONVERSION = YES;
				CLANG_WARN_COMMA = YES;
				CLANG_WARN_CONSTANT_CONVERSION = YES;
				CLANG_WARN_DEPRECATED_OBJC_IMPLEMENTATIONS = YES;
				CLANG_WARN_DIRECT_OBJC_ISA_USAGE = YES_ERROR;
				CLANG_WARN_DOCUMENTATION_COMMENTS = YES;
				CLANG_WARN_EMPTY_BODY = YES;
				CLANG_WARN_ENUM_CONVERSION = YES;
				CLANG_WARN_INFINITE_RECURSION = YES;
				CLANG_WARN_INT_CONVERSION = YES;
				CLANG_WARN_NON_LITERAL_NULL_CONVERSION = YES;
				CLANG_WARN_OBJC_IMPLICIT_RETAIN_SELF = YES;
				CLANG_WARN_OBJC_LITERAL_CONVERSION = YES;
				CLANG_WARN_OBJC_ROOT_CLASS = YES_ERROR;
				CLANG_WARN_QUOTED_INCLUDE_IN_FRAMEWORK_HEADER = YES;
				CLANG_WARN_RANGE_LOOP_ANALYSIS = YES;
				CLANG_WARN_STRICT_PROTOTYPES = YES;
				CLANG_WARN_SUSPICIOUS_MOVE = YES;
				CLANG_WARN_UNGUARDED_AVAILABILITY = YES_AGGRESSIVE;
				CLANG_WARN_UNREACHABLE_CODE = YES;
				CLANG_WARN__DUPLICATE_METHOD_MATCH = YES;
				COPY_PHASE_STRIP = NO;
				DEAD_CODE_STRIPPING = YES;
				DEBUG_INFORMATION_FORMAT = dwarf;
				DEVELOPMENT_TEAM = XFTC3W2MNQ;
				ENABLE_STRICT_OBJC_MSGSEND = YES;
				ENABLE_TESTABILITY = YES;
				ENABLE_USER_SCRIPT_SANDBOXING = YES;
				GCC_C_LANGUAGE_STANDARD = gnu17;
				GCC_DYNAMIC_NO_PIC = NO;
				GCC_NO_COMMON_BLOCKS = YES;
				GCC_OPTIMIZATION_LEVEL = 0;
				GCC_PREPROCESSOR_DEFINITIONS = (
					"DEBUG=1",
					"$(inherited)",
				);
				GCC_WARN_64_TO_32_BIT_CONVERSION = YES;
				GCC_WARN_ABOUT_RETURN_TYPE = YES_ERROR;
				GCC_WARN_UNDECLARED_SELECTOR = YES;
				GCC_WARN_UNINITIALIZED_AUTOS = YES_AGGRESSIVE;
				GCC_WARN_UNUSED_FUNCTION = YES;
				GCC_WARN_UNUSED_VARIABLE = YES;
				LOCALIZATION_PREFERS_STRING_CATALOGS = YES;
				MACOSX_DEPLOYMENT_TARGET = 14.5;
				MTL_ENABLE_DEBUG_INFO = INCLUDE_SOURCE;
				MTL_FAST_MATH = YES;
				ONLY_ACTIVE_ARCH = YES;
				SDKROOT = macosx;
				SWIFT_ACTIVE_COMPILATION_CONDITIONS = "DEBUG $(inherited)";
				SWIFT_OPTIMIZATION_LEVEL = "-Onone";
			};
			name = Debug;
		};
		00D40E982BBA403500B755CE /* Release */ = {
			isa = XCBuildConfiguration;
			buildSettings = {
				ALWAYS_SEARCH_USER_PATHS = NO;
				ASSETCATALOG_COMPILER_GENERATE_SWIFT_ASSET_SYMBOL_EXTENSIONS = YES;
				CLANG_ANALYZER_NONNULL = YES;
				CLANG_ANALYZER_NUMBER_OBJECT_CONVERSION = YES_AGGRESSIVE;
				CLANG_CXX_LANGUAGE_STANDARD = "gnu++20";
				CLANG_ENABLE_MODULES = YES;
				CLANG_ENABLE_OBJC_ARC = YES;
				CLANG_ENABLE_OBJC_WEAK = YES;
				CLANG_WARN_BLOCK_CAPTURE_AUTORELEASING = YES;
				CLANG_WARN_BOOL_CONVERSION = YES;
				CLANG_WARN_COMMA = YES;
				CLANG_WARN_CONSTANT_CONVERSION = YES;
				CLANG_WARN_DEPRECATED_OBJC_IMPLEMENTATIONS = YES;
				CLANG_WARN_DIRECT_OBJC_ISA_USAGE = YES_ERROR;
				CLANG_WARN_DOCUMENTATION_COMMENTS = YES;
				CLANG_WARN_EMPTY_BODY = YES;
				CLANG_WARN_ENUM_CONVERSION = YES;
				CLANG_WARN_INFINITE_RECURSION = YES;
				CLANG_WARN_INT_CONVERSION = YES;
				CLANG_WARN_NON_LITERAL_NULL_CONVERSION = YES;
				CLANG_WARN_OBJC_IMPLICIT_RETAIN_SELF = YES;
				CLANG_WARN_OBJC_LITERAL_CONVERSION = YES;
				CLANG_WARN_OBJC_ROOT_CLASS = YES_ERROR;
				CLANG_WARN_QUOTED_INCLUDE_IN_FRAMEWORK_HEADER = YES;
				CLANG_WARN_RANGE_LOOP_ANALYSIS = YES;
				CLANG_WARN_STRICT_PROTOTYPES = YES;
				CLANG_WARN_SUSPICIOUS_MOVE = YES;
				CLANG_WARN_UNGUARDED_AVAILABILITY = YES_AGGRESSIVE;
				CLANG_WARN_UNREACHABLE_CODE = YES;
				CLANG_WARN__DUPLICATE_METHOD_MATCH = YES;
				COPY_PHASE_STRIP = NO;
				DEAD_CODE_STRIPPING = YES;
				DEBUG_INFORMATION_FORMAT = "dwarf-with-dsym";
				DEVELOPMENT_TEAM = XFTC3W2MNQ;
				ENABLE_NS_ASSERTIONS = NO;
				ENABLE_STRICT_OBJC_MSGSEND = YES;
				ENABLE_USER_SCRIPT_SANDBOXING = YES;
				GCC_C_LANGUAGE_STANDARD = gnu17;
				GCC_NO_COMMON_BLOCKS = YES;
				GCC_WARN_64_TO_32_BIT_CONVERSION = YES;
				GCC_WARN_ABOUT_RETURN_TYPE = YES_ERROR;
				GCC_WARN_UNDECLARED_SELECTOR = YES;
				GCC_WARN_UNINITIALIZED_AUTOS = YES_AGGRESSIVE;
				GCC_WARN_UNUSED_FUNCTION = YES;
				GCC_WARN_UNUSED_VARIABLE = YES;
				LOCALIZATION_PREFERS_STRING_CATALOGS = YES;
				MACOSX_DEPLOYMENT_TARGET = 14.5;
				MTL_ENABLE_DEBUG_INFO = NO;
				MTL_FAST_MATH = YES;
				SDKROOT = macosx;
				SWIFT_COMPILATION_MODE = wholemodule;
			};
			name = Release;
		};
		00D40E9A2BBA403500B755CE /* Debug */ = {
			isa = XCBuildConfiguration;
			buildSettings = {
				ASSETCATALOG_COMPILER_APPICON_NAME = AppIcon;
				ASSETCATALOG_COMPILER_GLOBAL_ACCENT_COLOR_NAME = AccentColor;
				CODE_SIGN_ENTITLEMENTS = GPXWorkshop/GPXWorkshop.entitlements;
				"CODE_SIGN_IDENTITY[sdk=macosx*]" = "Apple Development";
				CODE_SIGN_STYLE = Automatic;
				COMBINE_HIDPI_IMAGES = YES;
				CURRENT_PROJECT_VERSION = 1;
				DEVELOPMENT_ASSET_PATHS = "GPXWorkshop/Preview\\ Content";
				ENABLE_HARDENED_RUNTIME = YES;
				ENABLE_PREVIEWS = YES;
				GENERATE_INFOPLIST_FILE = YES;
				INFOPLIST_FILE = GPXWorkshop/Info.plist;
				INFOPLIST_KEY_LSApplicationCategoryType = "";
				INFOPLIST_KEY_NSHumanReadableCopyright = "";
				INFOPLIST_KEY_NSMainStoryboardFile = Main;
				INFOPLIST_KEY_NSPrincipalClass = NSApplication;
				LD_RUNPATH_SEARCH_PATHS = (
					"$(inherited)",
					"@executable_path/../Frameworks",
				);
				MACOSX_DEPLOYMENT_TARGET = 14.5;
				MARKETING_VERSION = 1.0;
				PRODUCT_BUNDLE_IDENTIFIER = com.drypot.GPXWorkshop;
				PRODUCT_NAME = "$(TARGET_NAME)";
				SWIFT_EMIT_LOC_STRINGS = YES;
				SWIFT_VERSION = 5.0;
			};
			name = Debug;
		};
		00D40E9B2BBA403500B755CE /* Release */ = {
			isa = XCBuildConfiguration;
			buildSettings = {
				ASSETCATALOG_COMPILER_APPICON_NAME = AppIcon;
				ASSETCATALOG_COMPILER_GLOBAL_ACCENT_COLOR_NAME = AccentColor;
				CODE_SIGN_ENTITLEMENTS = GPXWorkshop/GPXWorkshop.entitlements;
				"CODE_SIGN_IDENTITY[sdk=macosx*]" = "Apple Development";
				CODE_SIGN_STYLE = Automatic;
				COMBINE_HIDPI_IMAGES = YES;
				CURRENT_PROJECT_VERSION = 1;
				DEVELOPMENT_ASSET_PATHS = "GPXWorkshop/Preview\\ Content";
				ENABLE_HARDENED_RUNTIME = YES;
				ENABLE_PREVIEWS = YES;
				GENERATE_INFOPLIST_FILE = YES;
				INFOPLIST_FILE = GPXWorkshop/Info.plist;
				INFOPLIST_KEY_LSApplicationCategoryType = "";
				INFOPLIST_KEY_NSHumanReadableCopyright = "";
				INFOPLIST_KEY_NSMainStoryboardFile = Main;
				INFOPLIST_KEY_NSPrincipalClass = NSApplication;
				LD_RUNPATH_SEARCH_PATHS = (
					"$(inherited)",
					"@executable_path/../Frameworks",
				);
				MACOSX_DEPLOYMENT_TARGET = 14.5;
				MARKETING_VERSION = 1.0;
				PRODUCT_BUNDLE_IDENTIFIER = com.drypot.GPXWorkshop;
				PRODUCT_NAME = "$(TARGET_NAME)";
				SWIFT_EMIT_LOC_STRINGS = YES;
				SWIFT_VERSION = 5.0;
			};
			name = Release;
		};
/* End XCBuildConfiguration section */

/* Begin XCConfigurationList section */
		0015583E2C076F7E000691EE /* Build configuration list for PBXNativeTarget "GPXWorkshopTests" */ = {
			isa = XCConfigurationList;
			buildConfigurations = (
				0015583F2C076F7E000691EE /* Debug */,
				001558402C076F7E000691EE /* Release */,
			);
			defaultConfigurationIsVisible = 0;
			defaultConfigurationName = Release;
		};
		00D40E6F2BBA403200B755CE /* Build configuration list for PBXProject "GPXWorkshop" */ = {
			isa = XCConfigurationList;
			buildConfigurations = (
				00D40E972BBA403500B755CE /* Debug */,
				00D40E982BBA403500B755CE /* Release */,
			);
			defaultConfigurationIsVisible = 0;
			defaultConfigurationName = Release;
		};
		00D40E992BBA403500B755CE /* Build configuration list for PBXNativeTarget "GPXWorkshop" */ = {
			isa = XCConfigurationList;
			buildConfigurations = (
				00D40E9A2BBA403500B755CE /* Debug */,
				00D40E9B2BBA403500B755CE /* Release */,
			);
			defaultConfigurationIsVisible = 0;
			defaultConfigurationName = Release;
		};
/* End XCConfigurationList section */
	};
	rootObject = 00D40E6C2BBA403200B755CE /* Project object */;
}
