// !$*UTF8*$!
{
	archiveVersion = 1;
	classes = {
	};
	objectVersion = 70;
	objects = {

/* Begin PBXBuildFile section */
		0004B1CB2DAA631F0091C628 /* GPXWorkshopSupport.framework in Frameworks */ = {isa = PBXBuildFile; fileRef = 009F904A2DAA51D40060ADA6 /* GPXWorkshopSupport.framework */; };
		009F905D2DAA51D50060ADA6 /* GPXWorkshopSupport.framework in Frameworks */ = {isa = PBXBuildFile; fileRef = 009F904A2DAA51D40060ADA6 /* GPXWorkshopSupport.framework */; };
		009F905E2DAA51D50060ADA6 /* GPXWorkshopSupport.framework in Embed Frameworks */ = {isa = PBXBuildFile; fileRef = 009F904A2DAA51D40060ADA6 /* GPXWorkshopSupport.framework */; settings = {ATTRIBUTES = (CodeSignOnCopy, RemoveHeadersOnCopy, ); }; };
/* End PBXBuildFile section */

/* Begin PBXContainerItemProxy section */
		0004B1C82DAA62FF0091C628 /* PBXContainerItemProxy */ = {
			isa = PBXContainerItemProxy;
			containerPortal = 00D40E6C2BBA403200B755CE /* Project object */;
			proxyType = 1;
			remoteGlobalIDString = 009F90492DAA51D40060ADA6;
			remoteInfo = GPXWorkshopModel;
		};
		009F90542DAA51D50060ADA6 /* PBXContainerItemProxy */ = {
			isa = PBXContainerItemProxy;
			containerPortal = 00D40E6C2BBA403200B755CE /* Project object */;
			proxyType = 1;
			remoteGlobalIDString = 009F90492DAA51D40060ADA6;
			remoteInfo = GPXWorkshopModel;
		};
/* End PBXContainerItemProxy section */

/* Begin PBXCopyFilesBuildPhase section */
		009F905F2DAA51D50060ADA6 /* Embed Frameworks */ = {
			isa = PBXCopyFilesBuildPhase;
			buildActionMask = 2147483647;
			dstPath = "";
			dstSubfolderSpec = 10;
			files = (
				009F905E2DAA51D50060ADA6 /* GPXWorkshopSupport.framework in Embed Frameworks */,
			);
			name = "Embed Frameworks";
			runOnlyForDeploymentPostprocessing = 0;
		};
/* End PBXCopyFilesBuildPhase section */

/* Begin PBXFileReference section */
		0004B1C72DAA62970091C628 /* GPXWorkshop.xctestplan */ = {isa = PBXFileReference; lastKnownFileType = text; path = GPXWorkshop.xctestplan; sourceTree = "<group>"; };
		009F904A2DAA51D40060ADA6 /* GPXWorkshopSupport.framework */ = {isa = PBXFileReference; explicitFileType = wrapper.framework; includeInIndex = 0; path = GPXWorkshopSupport.framework; sourceTree = BUILT_PRODUCTS_DIR; };
		009F90522DAA51D50060ADA6 /* GPXWorkshopSupportTests.xctest */ = {isa = PBXFileReference; explicitFileType = wrapper.cfbundle; includeInIndex = 0; path = GPXWorkshopSupportTests.xctest; sourceTree = BUILT_PRODUCTS_DIR; };
		00D40E742BBA403200B755CE /* GPXWorkshop.app */ = {isa = PBXFileReference; explicitFileType = wrapper.application; includeInIndex = 0; path = GPXWorkshop.app; sourceTree = BUILT_PRODUCTS_DIR; };
		00D40EAF2BBA4A9700B755CE /* LICENSE */ = {isa = PBXFileReference; fileEncoding = 4; lastKnownFileType = text; path = LICENSE; sourceTree = "<group>"; };
		00D40EB02BBA4A9700B755CE /* README.md */ = {isa = PBXFileReference; fileEncoding = 4; lastKnownFileType = net.daringfireball.markdown; path = README.md; sourceTree = "<group>"; };
/* End PBXFileReference section */

/* Begin PBXFileSystemSynchronizedBuildFileExceptionSet section */
		009F906C2DAA520F0060ADA6 /* PBXFileSystemSynchronizedBuildFileExceptionSet */ = {
			isa = PBXFileSystemSynchronizedBuildFileExceptionSet;
			membershipExceptions = (
				_Utility/Fixtures/dummy1.txt,
				_Utility/Fixtures/dummy2.txt,
				_Utility/Fixtures/Sub1/dummy3.txt,
				_Utility/Fixtures/Sub1/dummy4.txt,
				Support/File/Fixtures/dummy1.txt,
				Support/File/Fixtures/dummy2.txt,
				Support/File/Fixtures/Sub1/dummy3.txt,
				Support/File/Fixtures/Sub1/dummy4.txt,
				Support/File/Fixtures/Sub1/Sub2/dummy5.txt,
				Support/File/Fixtures/Sub1/Sub2/dummy6.txt,
				Support/File/Fixtures/Sub1/Sub3/dummy7.txt,
				Support/File/Fixtures/Sub1/Sub3/dummy8.txt,
			);
			target = 009F90512DAA51D50060ADA6 /* GPXWorkshopSupportTests */;
		};
		00E2E4602CBE4028006ADC0D /* PBXFileSystemSynchronizedBuildFileExceptionSet */ = {
			isa = PBXFileSystemSynchronizedBuildFileExceptionSet;
			membershipExceptions = (
				"00-App/SwiftUI/App.swift",
				GPXDocument/_SwiftUI/GPXEditMapView.swift,
				GPXDocument/_SwiftUI/GPXEditMKMapViewRepresentable.swift,
				GPXDocument/_SwiftUI/GPXEditView.swift,
				GPXDocument/_SwiftUI/WorkplaceDocument.swift,
				Info.plist,
			);
			target = 00D40E732BBA403200B755CE /* GPXWorkshop */;
		};
/* End PBXFileSystemSynchronizedBuildFileExceptionSet section */

/* Begin PBXFileSystemSynchronizedRootGroup section */
		009F904B2DAA51D40060ADA6 /* GPXWorkshopSupport */ = {isa = PBXFileSystemSynchronizedRootGroup; explicitFileTypes = {}; explicitFolders = (); path = GPXWorkshopSupport; sourceTree = "<group>"; };
		009F90582DAA51D50060ADA6 /* GPXWorkshopSupportTests */ = {isa = PBXFileSystemSynchronizedRootGroup; exceptions = (009F906C2DAA520F0060ADA6 /* PBXFileSystemSynchronizedBuildFileExceptionSet */, ); explicitFileTypes = {}; explicitFolders = (); path = GPXWorkshopSupportTests; sourceTree = "<group>"; };
		00E2E35E2CBE3F3D006ADC0D /* Doc */ = {isa = PBXFileSystemSynchronizedRootGroup; explicitFileTypes = {}; explicitFolders = (); path = Doc; sourceTree = "<group>"; };
		00E2E4382CBE4028006ADC0D /* GPXWorkshop */ = {isa = PBXFileSystemSynchronizedRootGroup; exceptions = (00E2E4602CBE4028006ADC0D /* PBXFileSystemSynchronizedBuildFileExceptionSet */, ); explicitFileTypes = {}; explicitFolders = (); path = GPXWorkshop; sourceTree = "<group>"; };
/* End PBXFileSystemSynchronizedRootGroup section */

/* Begin PBXFrameworksBuildPhase section */
		009F90472DAA51D40060ADA6 /* Frameworks */ = {
			isa = PBXFrameworksBuildPhase;
			buildActionMask = 2147483647;
			files = (
			);
			runOnlyForDeploymentPostprocessing = 0;
		};
		009F904F2DAA51D50060ADA6 /* Frameworks */ = {
			isa = PBXFrameworksBuildPhase;
			buildActionMask = 2147483647;
			files = (
				0004B1CB2DAA631F0091C628 /* GPXWorkshopSupport.framework in Frameworks */,
			);
			runOnlyForDeploymentPostprocessing = 0;
		};
		00D40E712BBA403200B755CE /* Frameworks */ = {
			isa = PBXFrameworksBuildPhase;
			buildActionMask = 2147483647;
			files = (
				009F905D2DAA51D50060ADA6 /* GPXWorkshopSupport.framework in Frameworks */,
			);
			runOnlyForDeploymentPostprocessing = 0;
		};
/* End PBXFrameworksBuildPhase section */

/* Begin PBXGroup section */
		00D40E6B2BBA403200B755CE = {
			isa = PBXGroup;
			children = (
				0004B1C72DAA62970091C628 /* GPXWorkshop.xctestplan */,
				00D40EAF2BBA4A9700B755CE /* LICENSE */,
				00D40EB02BBA4A9700B755CE /* README.md */,
				00E2E35E2CBE3F3D006ADC0D /* Doc */,
				00E2E4382CBE4028006ADC0D /* GPXWorkshop */,
				009F904B2DAA51D40060ADA6 /* GPXWorkshopSupport */,
				009F90582DAA51D50060ADA6 /* GPXWorkshopSupportTests */,
				00D40E752BBA403200B755CE /* Products */,
			);
			sourceTree = "<group>";
		};
		00D40E752BBA403200B755CE /* Products */ = {
			isa = PBXGroup;
			children = (
				00D40E742BBA403200B755CE /* GPXWorkshop.app */,
				009F904A2DAA51D40060ADA6 /* GPXWorkshopSupport.framework */,
				009F90522DAA51D50060ADA6 /* GPXWorkshopSupportTests.xctest */,
			);
			name = Products;
			sourceTree = "<group>";
		};
/* End PBXGroup section */

/* Begin PBXHeadersBuildPhase section */
		009F90452DAA51D40060ADA6 /* Headers */ = {
			isa = PBXHeadersBuildPhase;
			buildActionMask = 2147483647;
			files = (
			);
			runOnlyForDeploymentPostprocessing = 0;
		};
/* End PBXHeadersBuildPhase section */

/* Begin PBXNativeTarget section */
		009F90492DAA51D40060ADA6 /* GPXWorkshopSupport */ = {
			isa = PBXNativeTarget;
			buildConfigurationList = 009F90642DAA51D50060ADA6 /* Build configuration list for PBXNativeTarget "GPXWorkshopSupport" */;
			buildPhases = (
				009F90452DAA51D40060ADA6 /* Headers */,
				009F90462DAA51D40060ADA6 /* Sources */,
				009F90472DAA51D40060ADA6 /* Frameworks */,
				009F90482DAA51D40060ADA6 /* Resources */,
			);
			buildRules = (
			);
			dependencies = (
			);
			fileSystemSynchronizedGroups = (
				009F904B2DAA51D40060ADA6 /* GPXWorkshopSupport */,
			);
			name = GPXWorkshopSupport;
			packageProductDependencies = (
			);
			productName = GPXWorkshopModel;
			productReference = 009F904A2DAA51D40060ADA6 /* GPXWorkshopSupport.framework */;
			productType = "com.apple.product-type.framework";
		};
		009F90512DAA51D50060ADA6 /* GPXWorkshopSupportTests */ = {
			isa = PBXNativeTarget;
			buildConfigurationList = 009F90652DAA51D50060ADA6 /* Build configuration list for PBXNativeTarget "GPXWorkshopSupportTests" */;
			buildPhases = (
				009F904E2DAA51D50060ADA6 /* Sources */,
				009F904F2DAA51D50060ADA6 /* Frameworks */,
				009F90502DAA51D50060ADA6 /* Resources */,
			);
			buildRules = (
			);
			dependencies = (
				009F90552DAA51D50060ADA6 /* PBXTargetDependency */,
			);
			fileSystemSynchronizedGroups = (
				009F90582DAA51D50060ADA6 /* GPXWorkshopSupportTests */,
			);
			name = GPXWorkshopSupportTests;
			packageProductDependencies = (
			);
			productName = GPXWorkshopModelTests;
			productReference = 009F90522DAA51D50060ADA6 /* GPXWorkshopSupportTests.xctest */;
			productType = "com.apple.product-type.bundle.unit-test";
		};
		00D40E732BBA403200B755CE /* GPXWorkshop */ = {
			isa = PBXNativeTarget;
			buildConfigurationList = 00D40E992BBA403500B755CE /* Build configuration list for PBXNativeTarget "GPXWorkshop" */;
			buildPhases = (
				00D40E702BBA403200B755CE /* Sources */,
				00D40E712BBA403200B755CE /* Frameworks */,
				00D40E722BBA403200B755CE /* Resources */,
				009F905F2DAA51D50060ADA6 /* Embed Frameworks */,
			);
			buildRules = (
			);
			dependencies = (
				0004B1C92DAA62FF0091C628 /* PBXTargetDependency */,
			);
			fileSystemSynchronizedGroups = (
				00E2E4382CBE4028006ADC0D /* GPXWorkshop */,
			);
			name = GPXWorkshop;
			productName = DrypotGPX;
			productReference = 00D40E742BBA403200B755CE /* GPXWorkshop.app */;
			productType = "com.apple.product-type.application";
		};
/* End PBXNativeTarget section */

/* Begin PBXProject section */
		00D40E6C2BBA403200B755CE /* Project object */ = {
			isa = PBXProject;
			attributes = {
				BuildIndependentTargetsInParallel = 1;
				LastSwiftUpdateCheck = 1630;
				LastUpgradeCheck = 1630;
				TargetAttributes = {
					009F90492DAA51D40060ADA6 = {
						CreatedOnToolsVersion = 16.3;
					};
					009F90512DAA51D50060ADA6 = {
						CreatedOnToolsVersion = 16.3;
						LastSwiftMigration = 1630;
					};
					00D40E732BBA403200B755CE = {
						CreatedOnToolsVersion = 15.2;
					};
				};
			};
			buildConfigurationList = 00D40E6F2BBA403200B755CE /* Build configuration list for PBXProject "GPXWorkshop" */;
			compatibilityVersion = "Xcode 15.3";
			developmentRegion = en;
			hasScannedForEncodings = 0;
			knownRegions = (
				en,
				Base,
			);
			mainGroup = 00D40E6B2BBA403200B755CE;
			productRefGroup = 00D40E752BBA403200B755CE /* Products */;
			projectDirPath = "";
			projectRoot = "";
			targets = (
				00D40E732BBA403200B755CE /* GPXWorkshop */,
				009F90492DAA51D40060ADA6 /* GPXWorkshopSupport */,
				009F90512DAA51D50060ADA6 /* GPXWorkshopSupportTests */,
			);
		};
/* End PBXProject section */

/* Begin PBXResourcesBuildPhase section */
		009F90482DAA51D40060ADA6 /* Resources */ = {
			isa = PBXResourcesBuildPhase;
			buildActionMask = 2147483647;
			files = (
			);
			runOnlyForDeploymentPostprocessing = 0;
		};
		009F90502DAA51D50060ADA6 /* Resources */ = {
			isa = PBXResourcesBuildPhase;
			buildActionMask = 2147483647;
			files = (
			);
			runOnlyForDeploymentPostprocessing = 0;
		};
		00D40E722BBA403200B755CE /* Resources */ = {
			isa = PBXResourcesBuildPhase;
			buildActionMask = 2147483647;
			files = (
			);
			runOnlyForDeploymentPostprocessing = 0;
		};
/* End PBXResourcesBuildPhase section */

/* Begin PBXSourcesBuildPhase section */
		009F90462DAA51D40060ADA6 /* Sources */ = {
			isa = PBXSourcesBuildPhase;
			buildActionMask = 2147483647;
			files = (
			);
			runOnlyForDeploymentPostprocessing = 0;
		};
		009F904E2DAA51D50060ADA6 /* Sources */ = {
			isa = PBXSourcesBuildPhase;
			buildActionMask = 2147483647;
			files = (
			);
			runOnlyForDeploymentPostprocessing = 0;
		};
		00D40E702BBA403200B755CE /* Sources */ = {
			isa = PBXSourcesBuildPhase;
			buildActionMask = 2147483647;
			files = (
			);
			runOnlyForDeploymentPostprocessing = 0;
		};
/* End PBXSourcesBuildPhase section */

/* Begin PBXTargetDependency section */
		0004B1C92DAA62FF0091C628 /* PBXTargetDependency */ = {
			isa = PBXTargetDependency;
			target = 009F90492DAA51D40060ADA6 /* GPXWorkshopSupport */;
			targetProxy = 0004B1C82DAA62FF0091C628 /* PBXContainerItemProxy */;
		};
		009F90552DAA51D50060ADA6 /* PBXTargetDependency */ = {
			isa = PBXTargetDependency;
			target = 009F90492DAA51D40060ADA6 /* GPXWorkshopSupport */;
			targetProxy = 009F90542DAA51D50060ADA6 /* PBXContainerItemProxy */;
		};
/* End PBXTargetDependency section */

/* Begin XCBuildConfiguration section */
		009F90602DAA51D50060ADA6 /* Debug */ = {
			isa = XCBuildConfiguration;
			buildSettings = {
				BUILD_LIBRARY_FOR_DISTRIBUTION = YES;
				CODE_SIGN_STYLE = Automatic;
				COMBINE_HIDPI_IMAGES = YES;
				CURRENT_PROJECT_VERSION = 1;
				DEFINES_MODULE = NO;
				DYLIB_COMPATIBILITY_VERSION = 1;
				DYLIB_CURRENT_VERSION = 1;
				DYLIB_INSTALL_NAME_BASE = "@rpath";
				GENERATE_INFOPLIST_FILE = YES;
				INFOPLIST_KEY_NSHumanReadableCopyright = "";
				INSTALL_PATH = "$(LOCAL_LIBRARY_DIR)/Frameworks";
				LD_RUNPATH_SEARCH_PATHS = (
					"$(inherited)",
					"@executable_path/../Frameworks",
					"@loader_path/Frameworks",
				);
				MACOSX_DEPLOYMENT_TARGET = 15.4;
				MARKETING_VERSION = 1.0;
				MODULE_VERIFIER_SUPPORTED_LANGUAGES = "objective-c objective-c++";
				MODULE_VERIFIER_SUPPORTED_LANGUAGE_STANDARDS = "gnu17 gnu++20";
				PRODUCT_BUNDLE_IDENTIFIER = com.drypot.GPXWorkshopSupport;
				PRODUCT_NAME = "$(TARGET_NAME:c99extidentifier)";
				SKIP_INSTALL = YES;
				SWIFT_EMIT_LOC_STRINGS = YES;
				SWIFT_INSTALL_MODULE = YES;
				SWIFT_INSTALL_OBJC_HEADER = NO;
				SWIFT_VERSION = 5.0;
				VERSIONING_SYSTEM = "apple-generic";
				VERSION_INFO_PREFIX = "";
			};
			name = Debug;
		};
		009F90612DAA51D50060ADA6 /* Release */ = {
			isa = XCBuildConfiguration;
			buildSettings = {
				BUILD_LIBRARY_FOR_DISTRIBUTION = YES;
				CODE_SIGN_STYLE = Automatic;
				COMBINE_HIDPI_IMAGES = YES;
				CURRENT_PROJECT_VERSION = 1;
				DEFINES_MODULE = NO;
				DYLIB_COMPATIBILITY_VERSION = 1;
				DYLIB_CURRENT_VERSION = 1;
				DYLIB_INSTALL_NAME_BASE = "@rpath";
				GENERATE_INFOPLIST_FILE = YES;
				INFOPLIST_KEY_NSHumanReadableCopyright = "";
				INSTALL_PATH = "$(LOCAL_LIBRARY_DIR)/Frameworks";
				LD_RUNPATH_SEARCH_PATHS = (
					"$(inherited)",
					"@executable_path/../Frameworks",
					"@loader_path/Frameworks",
				);
				MACOSX_DEPLOYMENT_TARGET = 15.4;
				MARKETING_VERSION = 1.0;
				MODULE_VERIFIER_SUPPORTED_LANGUAGES = "objective-c objective-c++";
				MODULE_VERIFIER_SUPPORTED_LANGUAGE_STANDARDS = "gnu17 gnu++20";
				PRODUCT_BUNDLE_IDENTIFIER = com.drypot.GPXWorkshopSupport;
				PRODUCT_NAME = "$(TARGET_NAME:c99extidentifier)";
				SKIP_INSTALL = YES;
				SWIFT_EMIT_LOC_STRINGS = YES;
				SWIFT_INSTALL_MODULE = YES;
				SWIFT_INSTALL_OBJC_HEADER = NO;
				SWIFT_VERSION = 5.0;
				VERSIONING_SYSTEM = "apple-generic";
				VERSION_INFO_PREFIX = "";
			};
			name = Release;
		};
		009F90622DAA51D50060ADA6 /* Debug */ = {
			isa = XCBuildConfiguration;
			buildSettings = {
				CLANG_ENABLE_MODULES = YES;
				CODE_SIGN_STYLE = Automatic;
				CURRENT_PROJECT_VERSION = 1;
				DEVELOPMENT_TEAM = XFTC3W2MNQ;
				GENERATE_INFOPLIST_FILE = YES;
				MACOSX_DEPLOYMENT_TARGET = 15.4;
				MARKETING_VERSION = 1.0;
				PRODUCT_BUNDLE_IDENTIFIER = com.drypot.GPXWorkshopSupportTests;
				PRODUCT_NAME = "$(TARGET_NAME)";
				SWIFT_EMIT_LOC_STRINGS = NO;
				SWIFT_OPTIMIZATION_LEVEL = "-Onone";
				SWIFT_VERSION = 5.0;
			};
			name = Debug;
		};
		009F90632DAA51D50060ADA6 /* Release */ = {
			isa = XCBuildConfiguration;
			buildSettings = {
				CLANG_ENABLE_MODULES = YES;
				CODE_SIGN_STYLE = Automatic;
				CURRENT_PROJECT_VERSION = 1;
				DEVELOPMENT_TEAM = XFTC3W2MNQ;
				GENERATE_INFOPLIST_FILE = YES;
				MACOSX_DEPLOYMENT_TARGET = 15.4;
				MARKETING_VERSION = 1.0;
				PRODUCT_BUNDLE_IDENTIFIER = com.drypot.GPXWorkshopSupportTests;
				PRODUCT_NAME = "$(TARGET_NAME)";
				SWIFT_EMIT_LOC_STRINGS = NO;
				SWIFT_VERSION = 5.0;
			};
			name = Release;
		};
		00D40E972BBA403500B755CE /* Debug */ = {
			isa = XCBuildConfiguration;
			buildSettings = {
				ALWAYS_SEARCH_USER_PATHS = NO;
				ASSETCATALOG_COMPILER_GENERATE_SWIFT_ASSET_SYMBOL_EXTENSIONS = YES;
				CLANG_ANALYZER_NONNULL = YES;
				CLANG_ANALYZER_NUMBER_OBJECT_CONVERSION = YES_AGGRESSIVE;
				CLANG_CXX_LANGUAGE_STANDARD = "gnu++20";
				CLANG_ENABLE_MODULES = YES;
				CLANG_ENABLE_OBJC_ARC = YES;
				CLANG_ENABLE_OBJC_WEAK = YES;
				CLANG_WARN_BLOCK_CAPTURE_AUTORELEASING = YES;
				CLANG_WARN_BOOL_CONVERSION = YES;
				CLANG_WARN_COMMA = YES;
				CLANG_WARN_CONSTANT_CONVERSION = YES;
				CLANG_WARN_DEPRECATED_OBJC_IMPLEMENTATIONS = YES;
				CLANG_WARN_DIRECT_OBJC_ISA_USAGE = YES_ERROR;
				CLANG_WARN_DOCUMENTATION_COMMENTS = YES;
				CLANG_WARN_EMPTY_BODY = YES;
				CLANG_WARN_ENUM_CONVERSION = YES;
				CLANG_WARN_INFINITE_RECURSION = YES;
				CLANG_WARN_INT_CONVERSION = YES;
				CLANG_WARN_NON_LITERAL_NULL_CONVERSION = YES;
				CLANG_WARN_OBJC_IMPLICIT_RETAIN_SELF = YES;
				CLANG_WARN_OBJC_LITERAL_CONVERSION = YES;
				CLANG_WARN_OBJC_ROOT_CLASS = YES_ERROR;
				CLANG_WARN_QUOTED_INCLUDE_IN_FRAMEWORK_HEADER = YES;
				CLANG_WARN_RANGE_LOOP_ANALYSIS = YES;
				CLANG_WARN_STRICT_PROTOTYPES = YES;
				CLANG_WARN_SUSPICIOUS_MOVE = YES;
				CLANG_WARN_UNGUARDED_AVAILABILITY = YES_AGGRESSIVE;
				CLANG_WARN_UNREACHABLE_CODE = YES;
				CLANG_WARN__DUPLICATE_METHOD_MATCH = YES;
				COPY_PHASE_STRIP = NO;
				DEAD_CODE_STRIPPING = YES;
				DEBUG_INFORMATION_FORMAT = dwarf;
				DEVELOPMENT_TEAM = XFTC3W2MNQ;
				ENABLE_STRICT_OBJC_MSGSEND = YES;
				ENABLE_TESTABILITY = YES;
				ENABLE_USER_SCRIPT_SANDBOXING = YES;
				GCC_C_LANGUAGE_STANDARD = gnu17;
				GCC_DYNAMIC_NO_PIC = NO;
				GCC_NO_COMMON_BLOCKS = YES;
				GCC_OPTIMIZATION_LEVEL = 0;
				GCC_PREPROCESSOR_DEFINITIONS = (
					"DEBUG=1",
					"$(inherited)",
				);
				GCC_WARN_64_TO_32_BIT_CONVERSION = YES;
				GCC_WARN_ABOUT_RETURN_TYPE = YES_ERROR;
				GCC_WARN_UNDECLARED_SELECTOR = YES;
				GCC_WARN_UNINITIALIZED_AUTOS = YES_AGGRESSIVE;
				GCC_WARN_UNUSED_FUNCTION = YES;
				GCC_WARN_UNUSED_VARIABLE = YES;
				LOCALIZATION_PREFERS_STRING_CATALOGS = YES;
				MACOSX_DEPLOYMENT_TARGET = 14.5;
				MTL_ENABLE_DEBUG_INFO = INCLUDE_SOURCE;
				MTL_FAST_MATH = YES;
				ONLY_ACTIVE_ARCH = YES;
				SDKROOT = macosx;
				SWIFT_ACTIVE_COMPILATION_CONDITIONS = "DEBUG $(inherited)";
				SWIFT_OPTIMIZATION_LEVEL = "-Onone";
			};
			name = Debug;
		};
		00D40E982BBA403500B755CE /* Release */ = {
			isa = XCBuildConfiguration;
			buildSettings = {
				ALWAYS_SEARCH_USER_PATHS = NO;
				ASSETCATALOG_COMPILER_GENERATE_SWIFT_ASSET_SYMBOL_EXTENSIONS = YES;
				CLANG_ANALYZER_NONNULL = YES;
				CLANG_ANALYZER_NUMBER_OBJECT_CONVERSION = YES_AGGRESSIVE;
				CLANG_CXX_LANGUAGE_STANDARD = "gnu++20";
				CLANG_ENABLE_MODULES = YES;
				CLANG_ENABLE_OBJC_ARC = YES;
				CLANG_ENABLE_OBJC_WEAK = YES;
				CLANG_WARN_BLOCK_CAPTURE_AUTORELEASING = YES;
				CLANG_WARN_BOOL_CONVERSION = YES;
				CLANG_WARN_COMMA = YES;
				CLANG_WARN_CONSTANT_CONVERSION = YES;
				CLANG_WARN_DEPRECATED_OBJC_IMPLEMENTATIONS = YES;
				CLANG_WARN_DIRECT_OBJC_ISA_USAGE = YES_ERROR;
				CLANG_WARN_DOCUMENTATION_COMMENTS = YES;
				CLANG_WARN_EMPTY_BODY = YES;
				CLANG_WARN_ENUM_CONVERSION = YES;
				CLANG_WARN_INFINITE_RECURSION = YES;
				CLANG_WARN_INT_CONVERSION = YES;
				CLANG_WARN_NON_LITERAL_NULL_CONVERSION = YES;
				CLANG_WARN_OBJC_IMPLICIT_RETAIN_SELF = YES;
				CLANG_WARN_OBJC_LITERAL_CONVERSION = YES;
				CLANG_WARN_OBJC_ROOT_CLASS = YES_ERROR;
				CLANG_WARN_QUOTED_INCLUDE_IN_FRAMEWORK_HEADER = YES;
				CLANG_WARN_RANGE_LOOP_ANALYSIS = YES;
				CLANG_WARN_STRICT_PROTOTYPES = YES;
				CLANG_WARN_SUSPICIOUS_MOVE = YES;
				CLANG_WARN_UNGUARDED_AVAILABILITY = YES_AGGRESSIVE;
				CLANG_WARN_UNREACHABLE_CODE = YES;
				CLANG_WARN__DUPLICATE_METHOD_MATCH = YES;
				COPY_PHASE_STRIP = NO;
				DEAD_CODE_STRIPPING = YES;
				DEBUG_INFORMATION_FORMAT = "dwarf-with-dsym";
				DEVELOPMENT_TEAM = XFTC3W2MNQ;
				ENABLE_NS_ASSERTIONS = NO;
				ENABLE_STRICT_OBJC_MSGSEND = YES;
				ENABLE_USER_SCRIPT_SANDBOXING = YES;
				GCC_C_LANGUAGE_STANDARD = gnu17;
				GCC_NO_COMMON_BLOCKS = YES;
				GCC_WARN_64_TO_32_BIT_CONVERSION = YES;
				GCC_WARN_ABOUT_RETURN_TYPE = YES_ERROR;
				GCC_WARN_UNDECLARED_SELECTOR = YES;
				GCC_WARN_UNINITIALIZED_AUTOS = YES_AGGRESSIVE;
				GCC_WARN_UNUSED_FUNCTION = YES;
				GCC_WARN_UNUSED_VARIABLE = YES;
				LOCALIZATION_PREFERS_STRING_CATALOGS = YES;
				MACOSX_DEPLOYMENT_TARGET = 14.5;
				MTL_ENABLE_DEBUG_INFO = NO;
				MTL_FAST_MATH = YES;
				SDKROOT = macosx;
				SWIFT_COMPILATION_MODE = wholemodule;
			};
			name = Release;
		};
		00D40E9A2BBA403500B755CE /* Debug */ = {
			isa = XCBuildConfiguration;
			buildSettings = {
				ASSETCATALOG_COMPILER_APPICON_NAME = AppIcon;
				ASSETCATALOG_COMPILER_GLOBAL_ACCENT_COLOR_NAME = AccentColor;
				CODE_SIGN_ENTITLEMENTS = GPXWorkshop/GPXWorkshop.entitlements;
				"CODE_SIGN_IDENTITY[sdk=macosx*]" = "Apple Development";
				CODE_SIGN_STYLE = Automatic;
				COMBINE_HIDPI_IMAGES = YES;
				CURRENT_PROJECT_VERSION = 1;
				DEVELOPMENT_ASSET_PATHS = "";
				ENABLE_HARDENED_RUNTIME = YES;
				ENABLE_PREVIEWS = YES;
				GENERATE_INFOPLIST_FILE = YES;
				INFOPLIST_FILE = GPXWorkshop/Info.plist;
				INFOPLIST_KEY_LSApplicationCategoryType = "";
				INFOPLIST_KEY_NSHumanReadableCopyright = "";
				INFOPLIST_KEY_NSMainStoryboardFile = Main;
				INFOPLIST_KEY_NSPrincipalClass = NSApplication;
				LD_RUNPATH_SEARCH_PATHS = (
					"$(inherited)",
					"@executable_path/../Frameworks",
				);
				MACOSX_DEPLOYMENT_TARGET = 14.6;
				MARKETING_VERSION = 1.0;
				PRODUCT_BUNDLE_IDENTIFIER = com.drypot.GPXWorkshop;
				PRODUCT_NAME = "$(TARGET_NAME)";
				SWIFT_EMIT_LOC_STRINGS = YES;
				SWIFT_VERSION = 5.0;
			};
			name = Debug;
		};
		00D40E9B2BBA403500B755CE /* Release */ = {
			isa = XCBuildConfiguration;
			buildSettings = {
				ASSETCATALOG_COMPILER_APPICON_NAME = AppIcon;
				ASSETCATALOG_COMPILER_GLOBAL_ACCENT_COLOR_NAME = AccentColor;
				CODE_SIGN_ENTITLEMENTS = GPXWorkshop/GPXWorkshop.entitlements;
				"CODE_SIGN_IDENTITY[sdk=macosx*]" = "Apple Development";
				CODE_SIGN_STYLE = Automatic;
				COMBINE_HIDPI_IMAGES = YES;
				CURRENT_PROJECT_VERSION = 1;
				DEVELOPMENT_ASSET_PATHS = "";
				ENABLE_HARDENED_RUNTIME = YES;
				ENABLE_PREVIEWS = YES;
				GENERATE_INFOPLIST_FILE = YES;
				INFOPLIST_FILE = GPXWorkshop/Info.plist;
				INFOPLIST_KEY_LSApplicationCategoryType = "";
				INFOPLIST_KEY_NSHumanReadableCopyright = "";
				INFOPLIST_KEY_NSMainStoryboardFile = Main;
				INFOPLIST_KEY_NSPrincipalClass = NSApplication;
				LD_RUNPATH_SEARCH_PATHS = (
					"$(inherited)",
					"@executable_path/../Frameworks",
				);
				MACOSX_DEPLOYMENT_TARGET = 14.6;
				MARKETING_VERSION = 1.0;
				PRODUCT_BUNDLE_IDENTIFIER = com.drypot.GPXWorkshop;
				PRODUCT_NAME = "$(TARGET_NAME)";
				SWIFT_EMIT_LOC_STRINGS = YES;
				SWIFT_VERSION = 5.0;
			};
			name = Release;
		};
/* End XCBuildConfiguration section */

/* Begin XCConfigurationList section */
		009F90642DAA51D50060ADA6 /* Build configuration list for PBXNativeTarget "GPXWorkshopSupport" */ = {
			isa = XCConfigurationList;
			buildConfigurations = (
				009F90602DAA51D50060ADA6 /* Debug */,
				009F90612DAA51D50060ADA6 /* Release */,
			);
			defaultConfigurationIsVisible = 0;
			defaultConfigurationName = Release;
		};
		009F90652DAA51D50060ADA6 /* Build configuration list for PBXNativeTarget "GPXWorkshopSupportTests" */ = {
			isa = XCConfigurationList;
			buildConfigurations = (
				009F90622DAA51D50060ADA6 /* Debug */,
				009F90632DAA51D50060ADA6 /* Release */,
			);
			defaultConfigurationIsVisible = 0;
			defaultConfigurationName = Release;
		};
		00D40E6F2BBA403200B755CE /* Build configuration list for PBXProject "GPXWorkshop" */ = {
			isa = XCConfigurationList;
			buildConfigurations = (
				00D40E972BBA403500B755CE /* Debug */,
				00D40E982BBA403500B755CE /* Release */,
			);
			defaultConfigurationIsVisible = 0;
			defaultConfigurationName = Release;
		};
		00D40E992BBA403500B755CE /* Build configuration list for PBXNativeTarget "GPXWorkshop" */ = {
			isa = XCConfigurationList;
			buildConfigurations = (
				00D40E9A2BBA403500B755CE /* Debug */,
				00D40E9B2BBA403500B755CE /* Release */,
			);
			defaultConfigurationIsVisible = 0;
			defaultConfigurationName = Release;
		};
/* End XCConfigurationList section */
	};
	rootObject = 00D40E6C2BBA403200B755CE /* Project object */;
}
